
Microsoft Visual Studio Solution File, Format Version 12.00
# Visual Studio Version 17
VisualStudioVersion = 17.11.35222.181
MinimumVisualStudioVersion = 10.0.40219.1
Project("{9A19103F-16F7-4668-BE54-9A1E7A4F7556}") = "CyberProj", "CyberProj.csproj", "{9C3144BC-B0A9-4422-B865-892C01F4AD8C}"
EndProject
Global
	GlobalSection(SolutionConfigurationPlatforms) = preSolution
		Debug|Any CPU = Debug|Any CPU
		Release|Any CPU = Release|Any CPU
	EndGlobalSection
	GlobalSection(ProjectConfigurationPlatforms) = postSolution
		{9C3144BC-B0A9-4422-B865-892C01F4AD8C}.Debug|Any CPU.ActiveCfg = Debug|Any CPU
		{9C3144BC-B0A9-4422-B865-892C01F4AD8C}.Debug|Any CPU.Build.0 = Debug|Any CPU
		{9C3144BC-B0A9-4422-B865-892C01F4AD8C}.Release|Any CPU.ActiveCfg = Release|Any CPU
		{9C3144BC-B0A9-4422-B865-892C01F4AD8C}.Release|Any CPU.Build.0 = Release|Any CPU
	EndGlobalSection
	GlobalSection(SolutionProperties) = preSolution
		HideSolutionNode = FALSE
	EndGlobalSection
	GlobalSection(ExtensibilityGlobals) = postSolution
		SolutionGuid = {89A0A3F7-9AEF-4189-9354-B1CB2EF00A4B}
	EndGlobalSection
EndGlobal
